
Microsoft Visual Studio Solution File, Format Version 12.00
# Visual Studio 15
VisualStudioVersion = 15.0.28307.168
MinimumVisualStudioVersion = 10.0.40219.1
Project("{151D2E53-A2C4-4D7D-83FE-D05416EBD58E}") = "AzurePAW-StorageAccounts", "AzurePAW-StorageAccounts\AzurePAW-StorageAccounts.deployproj", "{BFCE27A3-4E90-48AF-8DD2-D118A644F044}"
EndProject
Global
	GlobalSection(SolutionConfigurationPlatforms) = preSolution
		Debug|Any CPU = Debug|Any CPU
		Release|Any CPU = Release|Any CPU
	EndGlobalSection
	GlobalSection(ProjectConfigurationPlatforms) = postSolution
		{BFCE27A3-4E90-48AF-8DD2-D118A644F044}.Debug|Any CPU.ActiveCfg = Debug|Any CPU
		{BFCE27A3-4E90-48AF-8DD2-D118A644F044}.Debug|Any CPU.Build.0 = Debug|Any CPU
		{BFCE27A3-4E90-48AF-8DD2-D118A644F044}.Release|Any CPU.ActiveCfg = Release|Any CPU
		{BFCE27A3-4E90-48AF-8DD2-D118A644F044}.Release|Any CPU.Build.0 = Release|Any CPU
	EndGlobalSection
	GlobalSection(SolutionProperties) = preSolution
		HideSolutionNode = FALSE
	EndGlobalSection
	GlobalSection(ExtensibilityGlobals) = postSolution
		SolutionGuid = {4613CD17-8770-40B6-9A63-B93F111BD070}
	EndGlobalSection
EndGlobal
